
Microsoft Visual Studio Solution File, Format Version 12.00
# Visual Studio 15
VisualStudioVersion = 15.0.27004.2008
MinimumVisualStudioVersion = 10.0.40219.1
Project("{8BC9CEB8-8B4A-11D0-8D11-00A0C91BC942}") = "swigged-llvm-native", "swigged.llvm.native.vcxproj", "{28159184-D97E-4A6C-8AD1-253DC15640C4}"
EndProject
Global
	GlobalSection(SolutionConfigurationPlatforms) = preSolution
		Debug|x64 = Debug|x64
		Debug|x86 = Debug|x86
		Release|x64 = Release|x64
		Release|x86 = Release|x86
	EndGlobalSection
	GlobalSection(ProjectConfigurationPlatforms) = postSolution
		{28159184-D97E-4A6C-8AD1-253DC15640C4}.Debug|x64.ActiveCfg = Debug|x64
		{28159184-D97E-4A6C-8AD1-253DC15640C4}.Debug|x64.Build.0 = Debug|x64
		{28159184-D97E-4A6C-8AD1-253DC15640C4}.Debug|x86.ActiveCfg = Debug|Win32
		{28159184-D97E-4A6C-8AD1-253DC15640C4}.Debug|x86.Build.0 = Debug|Win32
		{28159184-D97E-4A6C-8AD1-253DC15640C4}.Release|x64.ActiveCfg = Release|x64
		{28159184-D97E-4A6C-8AD1-253DC15640C4}.Release|x64.Build.0 = Release|x64
		{28159184-D97E-4A6C-8AD1-253DC15640C4}.Release|x86.ActiveCfg = Release|Win32
		{28159184-D97E-4A6C-8AD1-253DC15640C4}.Release|x86.Build.0 = Release|Win32
	EndGlobalSection
	GlobalSection(SolutionProperties) = preSolution
		HideSolutionNode = FALSE
	EndGlobalSection
	GlobalSection(ExtensibilityGlobals) = postSolution
		SolutionGuid = {AD4D67F8-F0B6-4E38-B83C-B0D24337027F}
	EndGlobalSection
EndGlobal
