
Microsoft Visual Studio Solution File, Format Version 12.00
# Visual Studio 15
VisualStudioVersion = 15.0.26228.12
MinimumVisualStudioVersion = 10.0.40219.1
Project("{FAE04EC0-301F-11D3-BF4B-00C04F79EFBC}") = "swigged-llvm", "lib\swigged-llvm.csproj", "{1E7A06EE-8AE4-BA64-D322-6C0A3FCC98B9}"
EndProject
Project("{8BC9CEB8-8B4A-11D0-8D11-00A0C91BC942}") = "Swigged-LLVM.Native", "nlib\swigged-llvm.native.vcxproj", "{28159184-D97E-4A6C-8AD1-253DC15640C4}"
EndProject
Project("{FAE04EC0-301F-11D3-BF4B-00C04F79EFBC}") = "UnitTestProject1", "UnitTestProject1\UnitTestProject1.csproj", "{A9DDFE84-68A8-4835-8D4B-196697F0DDB0}"
EndProject
Project("{FAE04EC0-301F-11D3-BF4B-00C04F79EFBC}") = "ConsoleApplication1", "ConsoleApplication1\ConsoleApplication1.csproj", "{BC04D06A-DB7F-4DED-91E2-EE82114ACDD4}"
EndProject
Project("{FAE04EC0-301F-11D3-BF4B-00C04F79EFBC}") = "UnitTestProject2", "UnitTestProject2\UnitTestProject2.csproj", "{345888BD-2936-4D25-8039-2EF144874483}"
EndProject
Project("{2150E333-8FDC-42A3-9474-1A3956D46DE8}") = "Solution Items", "Solution Items", "{690AB4A2-DCCD-4643-86C3-4E43CA31530B}"
	ProjectSection(SolutionItems) = preProject
		Package.nuspec = Package.nuspec
		..\README.md = ..\README.md
	EndProjectSection
EndProject
Global
	GlobalSection(SolutionConfigurationPlatforms) = preSolution
		Debug|Any CPU = Debug|Any CPU
		Debug|Win32 = Debug|Win32
		Debug|x64 = Debug|x64
		Release|Any CPU = Release|Any CPU
		Release|Win32 = Release|Win32
		Release|x64 = Release|x64
	EndGlobalSection
	GlobalSection(ProjectConfigurationPlatforms) = postSolution
		{1E7A06EE-8AE4-BA64-D322-6C0A3FCC98B9}.Debug|Any CPU.ActiveCfg = Debug|Win32
		{1E7A06EE-8AE4-BA64-D322-6C0A3FCC98B9}.Debug|Any CPU.Build.0 = Debug|Win32
		{1E7A06EE-8AE4-BA64-D322-6C0A3FCC98B9}.Debug|Win32.ActiveCfg = Debug|Win32
		{1E7A06EE-8AE4-BA64-D322-6C0A3FCC98B9}.Debug|Win32.Build.0 = Debug|Win32
		{1E7A06EE-8AE4-BA64-D322-6C0A3FCC98B9}.Debug|x64.ActiveCfg = Debug|x64
		{1E7A06EE-8AE4-BA64-D322-6C0A3FCC98B9}.Debug|x64.Build.0 = Debug|x64
		{1E7A06EE-8AE4-BA64-D322-6C0A3FCC98B9}.Release|Any CPU.ActiveCfg = Release|Win32
		{1E7A06EE-8AE4-BA64-D322-6C0A3FCC98B9}.Release|Win32.ActiveCfg = Release|Win32
		{1E7A06EE-8AE4-BA64-D322-6C0A3FCC98B9}.Release|Win32.Build.0 = Release|Win32
		{1E7A06EE-8AE4-BA64-D322-6C0A3FCC98B9}.Release|x64.ActiveCfg = Release|x64
		{1E7A06EE-8AE4-BA64-D322-6C0A3FCC98B9}.Release|x64.Build.0 = Release|x64
		{28159184-D97E-4A6C-8AD1-253DC15640C4}.Debug|Any CPU.ActiveCfg = Debug|x64
		{28159184-D97E-4A6C-8AD1-253DC15640C4}.Debug|Win32.ActiveCfg = Debug|Win32
		{28159184-D97E-4A6C-8AD1-253DC15640C4}.Debug|Win32.Build.0 = Debug|Win32
		{28159184-D97E-4A6C-8AD1-253DC15640C4}.Debug|x64.ActiveCfg = Debug|x64
		{28159184-D97E-4A6C-8AD1-253DC15640C4}.Debug|x64.Build.0 = Debug|x64
		{28159184-D97E-4A6C-8AD1-253DC15640C4}.Release|Any CPU.ActiveCfg = Release|Win32
		{28159184-D97E-4A6C-8AD1-253DC15640C4}.Release|Win32.ActiveCfg = Release|Win32
		{28159184-D97E-4A6C-8AD1-253DC15640C4}.Release|Win32.Build.0 = Release|Win32
		{28159184-D97E-4A6C-8AD1-253DC15640C4}.Release|x64.ActiveCfg = Release|x64
		{28159184-D97E-4A6C-8AD1-253DC15640C4}.Release|x64.Build.0 = Release|x64
		{A9DDFE84-68A8-4835-8D4B-196697F0DDB0}.Debug|Any CPU.ActiveCfg = Debug|x64
		{A9DDFE84-68A8-4835-8D4B-196697F0DDB0}.Debug|Any CPU.Build.0 = Debug|x64
		{A9DDFE84-68A8-4835-8D4B-196697F0DDB0}.Debug|Win32.ActiveCfg = Debug|Win32
		{A9DDFE84-68A8-4835-8D4B-196697F0DDB0}.Debug|Win32.Build.0 = Debug|Win32
		{A9DDFE84-68A8-4835-8D4B-196697F0DDB0}.Debug|x64.ActiveCfg = Debug|x64
		{A9DDFE84-68A8-4835-8D4B-196697F0DDB0}.Debug|x64.Build.0 = Debug|x64
		{A9DDFE84-68A8-4835-8D4B-196697F0DDB0}.Release|Any CPU.ActiveCfg = Release|x64
		{A9DDFE84-68A8-4835-8D4B-196697F0DDB0}.Release|Any CPU.Build.0 = Release|x64
		{A9DDFE84-68A8-4835-8D4B-196697F0DDB0}.Release|Win32.ActiveCfg = Release|Win32
		{A9DDFE84-68A8-4835-8D4B-196697F0DDB0}.Release|Win32.Build.0 = Release|Win32
		{A9DDFE84-68A8-4835-8D4B-196697F0DDB0}.Release|x64.ActiveCfg = Release|x64
		{A9DDFE84-68A8-4835-8D4B-196697F0DDB0}.Release|x64.Build.0 = Release|x64
		{BC04D06A-DB7F-4DED-91E2-EE82114ACDD4}.Debug|Any CPU.ActiveCfg = Debug|Win32
		{BC04D06A-DB7F-4DED-91E2-EE82114ACDD4}.Debug|Any CPU.Build.0 = Debug|Win32
		{BC04D06A-DB7F-4DED-91E2-EE82114ACDD4}.Debug|Win32.ActiveCfg = Debug|Win32
		{BC04D06A-DB7F-4DED-91E2-EE82114ACDD4}.Debug|Win32.Build.0 = Debug|Win32
		{BC04D06A-DB7F-4DED-91E2-EE82114ACDD4}.Debug|x64.ActiveCfg = Debug|x64
		{BC04D06A-DB7F-4DED-91E2-EE82114ACDD4}.Debug|x64.Build.0 = Debug|x64
		{BC04D06A-DB7F-4DED-91E2-EE82114ACDD4}.Release|Any CPU.ActiveCfg = Release|Win32
		{BC04D06A-DB7F-4DED-91E2-EE82114ACDD4}.Release|Any CPU.Build.0 = Release|Win32
		{BC04D06A-DB7F-4DED-91E2-EE82114ACDD4}.Release|Win32.ActiveCfg = Release|Win32
		{BC04D06A-DB7F-4DED-91E2-EE82114ACDD4}.Release|Win32.Build.0 = Release|Win32
		{BC04D06A-DB7F-4DED-91E2-EE82114ACDD4}.Release|x64.ActiveCfg = Release|x64
		{BC04D06A-DB7F-4DED-91E2-EE82114ACDD4}.Release|x64.Build.0 = Release|x64
		{345888BD-2936-4D25-8039-2EF144874483}.Debug|Any CPU.ActiveCfg = Debug|Win32
		{345888BD-2936-4D25-8039-2EF144874483}.Debug|Win32.ActiveCfg = Debug|Win32
		{345888BD-2936-4D25-8039-2EF144874483}.Debug|Win32.Build.0 = Debug|Win32
		{345888BD-2936-4D25-8039-2EF144874483}.Debug|x64.ActiveCfg = Debug|x64
		{345888BD-2936-4D25-8039-2EF144874483}.Debug|x64.Build.0 = Debug|x64
		{345888BD-2936-4D25-8039-2EF144874483}.Release|Any CPU.ActiveCfg = Release|Win32
		{345888BD-2936-4D25-8039-2EF144874483}.Release|Win32.ActiveCfg = Release|Win32
		{345888BD-2936-4D25-8039-2EF144874483}.Release|Win32.Build.0 = Release|Win32
		{345888BD-2936-4D25-8039-2EF144874483}.Release|x64.ActiveCfg = Release|x64
		{345888BD-2936-4D25-8039-2EF144874483}.Release|x64.Build.0 = Release|x64
	EndGlobalSection
	GlobalSection(SolutionProperties) = preSolution
		HideSolutionNode = FALSE
	EndGlobalSection
EndGlobal
