
Microsoft Visual Studio Solution File, Format Version 12.00
# Visual Studio 15
VisualStudioVersion = 15.0.26430.6
MinimumVisualStudioVersion = 10.0.40219.1
Project("{D954291E-2A0B-460D-934E-DC6B0785DB48}") = "App1", "App1\App1\App1.shproj", "{5BEA2918-0F52-489F-962B-B637CB5B07B7}"
EndProject
Project("{FAE04EC0-301F-11D3-BF4B-00C04F79EFBC}") = "App1.Android", "App1\App1.Android\App1.Android.csproj", "{7464977F-CF30-426B-BED9-DE3B73457BED}"
EndProject
Project("{FAE04EC0-301F-11D3-BF4B-00C04F79EFBC}") = "App1.iOS", "App1\App1.iOS\App1.iOS.csproj", "{99713C10-550A-4748-9121-51C91D88BF1C}"
EndProject
Project("{FAE04EC0-301F-11D3-BF4B-00C04F79EFBC}") = "App1.UWP", "App1\App1.UWP\App1.UWP.csproj", "{C48D451C-992D-42D4-869A-C5B4CDBA52E9}"
EndProject
Global
	GlobalSection(SharedMSBuildProjectFiles) = preSolution
		App1\App1\App1.projitems*{5bea2918-0f52-489f-962b-b637cb5b07b7}*SharedItemsImports = 13
		App1\App1\App1.projitems*{7464977f-cf30-426b-bed9-de3b73457bed}*SharedItemsImports = 4
		App1\App1\App1.projitems*{99713c10-550a-4748-9121-51c91d88bf1c}*SharedItemsImports = 4
		App1\App1\App1.projitems*{c48d451c-992d-42d4-869a-c5b4cdba52e9}*SharedItemsImports = 4
	EndGlobalSection
	GlobalSection(SolutionConfigurationPlatforms) = preSolution
		Ad-Hoc|Any CPU = Ad-Hoc|Any CPU
		Ad-Hoc|ARM = Ad-Hoc|ARM
		Ad-Hoc|iPhone = Ad-Hoc|iPhone
		Ad-Hoc|iPhoneSimulator = Ad-Hoc|iPhoneSimulator
		Ad-Hoc|x64 = Ad-Hoc|x64
		Ad-Hoc|x86 = Ad-Hoc|x86
		AppStore|Any CPU = AppStore|Any CPU
		AppStore|ARM = AppStore|ARM
		AppStore|iPhone = AppStore|iPhone
		AppStore|iPhoneSimulator = AppStore|iPhoneSimulator
		AppStore|x64 = AppStore|x64
		AppStore|x86 = AppStore|x86
		Debug|Any CPU = Debug|Any CPU
		Debug|ARM = Debug|ARM
		Debug|iPhone = Debug|iPhone
		Debug|iPhoneSimulator = Debug|iPhoneSimulator
		Debug|x64 = Debug|x64
		Debug|x86 = Debug|x86
		Release|Any CPU = Release|Any CPU
		Release|ARM = Release|ARM
		Release|iPhone = Release|iPhone
		Release|iPhoneSimulator = Release|iPhoneSimulator
		Release|x64 = Release|x64
		Release|x86 = Release|x86
	EndGlobalSection
	GlobalSection(ProjectConfigurationPlatforms) = postSolution
		{7464977F-CF30-426B-BED9-DE3B73457BED}.Ad-Hoc|Any CPU.ActiveCfg = Release|Any CPU
		{7464977F-CF30-426B-BED9-DE3B73457BED}.Ad-Hoc|Any CPU.Build.0 = Release|Any CPU
		{7464977F-CF30-426B-BED9-DE3B73457BED}.Ad-Hoc|Any CPU.Deploy.0 = Release|Any CPU
		{7464977F-CF30-426B-BED9-DE3B73457BED}.Ad-Hoc|ARM.ActiveCfg = Release|Any CPU
		{7464977F-CF30-426B-BED9-DE3B73457BED}.Ad-Hoc|ARM.Build.0 = Release|Any CPU
		{7464977F-CF30-426B-BED9-DE3B73457BED}.Ad-Hoc|ARM.Deploy.0 = Release|Any CPU
		{7464977F-CF30-426B-BED9-DE3B73457BED}.Ad-Hoc|iPhone.ActiveCfg = Release|Any CPU
		{7464977F-CF30-426B-BED9-DE3B73457BED}.Ad-Hoc|iPhone.Build.0 = Release|Any CPU
		{7464977F-CF30-426B-BED9-DE3B73457BED}.Ad-Hoc|iPhone.Deploy.0 = Release|Any CPU
		{7464977F-CF30-426B-BED9-DE3B73457BED}.Ad-Hoc|iPhoneSimulator.ActiveCfg = Release|Any CPU
		{7464977F-CF30-426B-BED9-DE3B73457BED}.Ad-Hoc|iPhoneSimulator.Build.0 = Release|Any CPU
		{7464977F-CF30-426B-BED9-DE3B73457BED}.Ad-Hoc|iPhoneSimulator.Deploy.0 = Release|Any CPU
		{7464977F-CF30-426B-BED9-DE3B73457BED}.Ad-Hoc|x64.ActiveCfg = Release|Any CPU
		{7464977F-CF30-426B-BED9-DE3B73457BED}.Ad-Hoc|x64.Build.0 = Release|Any CPU
		{7464977F-CF30-426B-BED9-DE3B73457BED}.Ad-Hoc|x64.Deploy.0 = Release|Any CPU
		{7464977F-CF30-426B-BED9-DE3B73457BED}.Ad-Hoc|x86.ActiveCfg = Release|Any CPU
		{7464977F-CF30-426B-BED9-DE3B73457BED}.Ad-Hoc|x86.Build.0 = Release|Any CPU
		{7464977F-CF30-426B-BED9-DE3B73457BED}.Ad-Hoc|x86.Deploy.0 = Release|Any CPU
		{7464977F-CF30-426B-BED9-DE3B73457BED}.AppStore|Any CPU.ActiveCfg = Release|Any CPU
		{7464977F-CF30-426B-BED9-DE3B73457BED}.AppStore|Any CPU.Build.0 = Release|Any CPU
		{7464977F-CF30-426B-BED9-DE3B73457BED}.AppStore|Any CPU.Deploy.0 = Release|Any CPU
		{7464977F-CF30-426B-BED9-DE3B73457BED}.AppStore|ARM.ActiveCfg = Release|Any CPU
		{7464977F-CF30-426B-BED9-DE3B73457BED}.AppStore|ARM.Build.0 = Release|Any CPU
		{7464977F-CF30-426B-BED9-DE3B73457BED}.AppStore|ARM.Deploy.0 = Release|Any CPU
		{7464977F-CF30-426B-BED9-DE3B73457BED}.AppStore|iPhone.ActiveCfg = Release|Any CPU
		{7464977F-CF30-426B-BED9-DE3B73457BED}.AppStore|iPhone.Build.0 = Release|Any CPU
		{7464977F-CF30-426B-BED9-DE3B73457BED}.AppStore|iPhone.Deploy.0 = Release|Any CPU
		{7464977F-CF30-426B-BED9-DE3B73457BED}.AppStore|iPhoneSimulator.ActiveCfg = Release|Any CPU
		{7464977F-CF30-426B-BED9-DE3B73457BED}.AppStore|iPhoneSimulator.Build.0 = Release|Any CPU
		{7464977F-CF30-426B-BED9-DE3B73457BED}.AppStore|iPhoneSimulator.Deploy.0 = Release|Any CPU
		{7464977F-CF30-426B-BED9-DE3B73457BED}.AppStore|x64.ActiveCfg = Release|Any CPU
		{7464977F-CF30-426B-BED9-DE3B73457BED}.AppStore|x64.Build.0 = Release|Any CPU
		{7464977F-CF30-426B-BED9-DE3B73457BED}.AppStore|x64.Deploy.0 = Release|Any CPU
		{7464977F-CF30-426B-BED9-DE3B73457BED}.AppStore|x86.ActiveCfg = Release|Any CPU
		{7464977F-CF30-426B-BED9-DE3B73457BED}.AppStore|x86.Build.0 = Release|Any CPU
		{7464977F-CF30-426B-BED9-DE3B73457BED}.AppStore|x86.Deploy.0 = Release|Any CPU
		{7464977F-CF30-426B-BED9-DE3B73457BED}.Debug|Any CPU.ActiveCfg = Debug|Any CPU
		{7464977F-CF30-426B-BED9-DE3B73457BED}.Debug|Any CPU.Build.0 = Debug|Any CPU
		{7464977F-CF30-426B-BED9-DE3B73457BED}.Debug|Any CPU.Deploy.0 = Debug|Any CPU
		{7464977F-CF30-426B-BED9-DE3B73457BED}.Debug|ARM.ActiveCfg = Debug|Any CPU
		{7464977F-CF30-426B-BED9-DE3B73457BED}.Debug|ARM.Build.0 = Debug|Any CPU
		{7464977F-CF30-426B-BED9-DE3B73457BED}.Debug|ARM.Deploy.0 = Debug|Any CPU
		{7464977F-CF30-426B-BED9-DE3B73457BED}.Debug|iPhone.ActiveCfg = Debug|Any CPU
		{7464977F-CF30-426B-BED9-DE3B73457BED}.Debug|iPhone.Build.0 = Debug|Any CPU
		{7464977F-CF30-426B-BED9-DE3B73457BED}.Debug|iPhone.Deploy.0 = Debug|Any CPU
		{7464977F-CF30-426B-BED9-DE3B73457BED}.Debug|iPhoneSimulator.ActiveCfg = Debug|Any CPU
		{7464977F-CF30-426B-BED9-DE3B73457BED}.Debug|iPhoneSimulator.Build.0 = Debug|Any CPU
		{7464977F-CF30-426B-BED9-DE3B73457BED}.Debug|iPhoneSimulator.Deploy.0 = Debug|Any CPU
		{7464977F-CF30-426B-BED9-DE3B73457BED}.Debug|x64.ActiveCfg = Debug|Any CPU
		{7464977F-CF30-426B-BED9-DE3B73457BED}.Debug|x64.Build.0 = Debug|Any CPU
		{7464977F-CF30-426B-BED9-DE3B73457BED}.Debug|x64.Deploy.0 = Debug|Any CPU
		{7464977F-CF30-426B-BED9-DE3B73457BED}.Debug|x86.ActiveCfg = Debug|Any CPU
		{7464977F-CF30-426B-BED9-DE3B73457BED}.Debug|x86.Build.0 = Debug|Any CPU
		{7464977F-CF30-426B-BED9-DE3B73457BED}.Debug|x86.Deploy.0 = Debug|Any CPU
		{7464977F-CF30-426B-BED9-DE3B73457BED}.Release|Any CPU.ActiveCfg = Release|Any CPU
		{7464977F-CF30-426B-BED9-DE3B73457BED}.Release|Any CPU.Build.0 = Release|Any CPU
		{7464977F-CF30-426B-BED9-DE3B73457BED}.Release|Any CPU.Deploy.0 = Release|Any CPU
		{7464977F-CF30-426B-BED9-DE3B73457BED}.Release|ARM.ActiveCfg = Release|Any CPU
		{7464977F-CF30-426B-BED9-DE3B73457BED}.Release|ARM.Build.0 = Release|Any CPU
		{7464977F-CF30-426B-BED9-DE3B73457BED}.Release|ARM.Deploy.0 = Release|Any CPU
		{7464977F-CF30-426B-BED9-DE3B73457BED}.Release|iPhone.ActiveCfg = Release|Any CPU
		{7464977F-CF30-426B-BED9-DE3B73457BED}.Release|iPhone.Build.0 = Release|Any CPU
		{7464977F-CF30-426B-BED9-DE3B73457BED}.Release|iPhone.Deploy.0 = Release|Any CPU
		{7464977F-CF30-426B-BED9-DE3B73457BED}.Release|iPhoneSimulator.ActiveCfg = Release|Any CPU
		{7464977F-CF30-426B-BED9-DE3B73457BED}.Release|iPhoneSimulator.Build.0 = Release|Any CPU
		{7464977F-CF30-426B-BED9-DE3B73457BED}.Release|iPhoneSimulator.Deploy.0 = Release|Any CPU
		{7464977F-CF30-426B-BED9-DE3B73457BED}.Release|x64.ActiveCfg = Release|Any CPU
		{7464977F-CF30-426B-BED9-DE3B73457BED}.Release|x64.Build.0 = Release|Any CPU
		{7464977F-CF30-426B-BED9-DE3B73457BED}.Release|x64.Deploy.0 = Release|Any CPU
		{7464977F-CF30-426B-BED9-DE3B73457BED}.Release|x86.ActiveCfg = Release|Any CPU
		{7464977F-CF30-426B-BED9-DE3B73457BED}.Release|x86.Build.0 = Release|Any CPU
		{7464977F-CF30-426B-BED9-DE3B73457BED}.Release|x86.Deploy.0 = Release|Any CPU
		{99713C10-550A-4748-9121-51C91D88BF1C}.Ad-Hoc|Any CPU.ActiveCfg = Ad-Hoc|iPhone
		{99713C10-550A-4748-9121-51C91D88BF1C}.Ad-Hoc|ARM.ActiveCfg = Ad-Hoc|iPhone
		{99713C10-550A-4748-9121-51C91D88BF1C}.Ad-Hoc|iPhone.ActiveCfg = Ad-Hoc|iPhone
		{99713C10-550A-4748-9121-51C91D88BF1C}.Ad-Hoc|iPhone.Build.0 = Ad-Hoc|iPhone
		{99713C10-550A-4748-9121-51C91D88BF1C}.Ad-Hoc|iPhoneSimulator.ActiveCfg = Ad-Hoc|iPhoneSimulator
		{99713C10-550A-4748-9121-51C91D88BF1C}.Ad-Hoc|iPhoneSimulator.Build.0 = Ad-Hoc|iPhoneSimulator
		{99713C10-550A-4748-9121-51C91D88BF1C}.Ad-Hoc|x64.ActiveCfg = Ad-Hoc|iPhone
		{99713C10-550A-4748-9121-51C91D88BF1C}.Ad-Hoc|x86.ActiveCfg = Ad-Hoc|iPhone
		{99713C10-550A-4748-9121-51C91D88BF1C}.AppStore|Any CPU.ActiveCfg = AppStore|iPhone
		{99713C10-550A-4748-9121-51C91D88BF1C}.AppStore|ARM.ActiveCfg = AppStore|iPhone
		{99713C10-550A-4748-9121-51C91D88BF1C}.AppStore|iPhone.ActiveCfg = AppStore|iPhone
		{99713C10-550A-4748-9121-51C91D88BF1C}.AppStore|iPhone.Build.0 = AppStore|iPhone
		{99713C10-550A-4748-9121-51C91D88BF1C}.AppStore|iPhoneSimulator.ActiveCfg = AppStore|iPhoneSimulator
		{99713C10-550A-4748-9121-51C91D88BF1C}.AppStore|iPhoneSimulator.Build.0 = AppStore|iPhoneSimulator
		{99713C10-550A-4748-9121-51C91D88BF1C}.AppStore|x64.ActiveCfg = AppStore|iPhone
		{99713C10-550A-4748-9121-51C91D88BF1C}.AppStore|x86.ActiveCfg = AppStore|iPhone
		{99713C10-550A-4748-9121-51C91D88BF1C}.Debug|Any CPU.ActiveCfg = Debug|iPhone
		{99713C10-550A-4748-9121-51C91D88BF1C}.Debug|ARM.ActiveCfg = Debug|iPhone
		{99713C10-550A-4748-9121-51C91D88BF1C}.Debug|iPhone.ActiveCfg = Debug|iPhone
		{99713C10-550A-4748-9121-51C91D88BF1C}.Debug|iPhone.Build.0 = Debug|iPhone
		{99713C10-550A-4748-9121-51C91D88BF1C}.Debug|iPhoneSimulator.ActiveCfg = Debug|iPhoneSimulator
		{99713C10-550A-4748-9121-51C91D88BF1C}.Debug|iPhoneSimulator.Build.0 = Debug|iPhoneSimulator
		{99713C10-550A-4748-9121-51C91D88BF1C}.Debug|x64.ActiveCfg = Debug|iPhone
		{99713C10-550A-4748-9121-51C91D88BF1C}.Debug|x86.ActiveCfg = Debug|iPhone
		{99713C10-550A-4748-9121-51C91D88BF1C}.Release|Any CPU.ActiveCfg = Release|iPhone
		{99713C10-550A-4748-9121-51C91D88BF1C}.Release|ARM.ActiveCfg = Release|iPhone
		{99713C10-550A-4748-9121-51C91D88BF1C}.Release|iPhone.ActiveCfg = Release|iPhone
		{99713C10-550A-4748-9121-51C91D88BF1C}.Release|iPhone.Build.0 = Release|iPhone
		{99713C10-550A-4748-9121-51C91D88BF1C}.Release|iPhoneSimulator.ActiveCfg = Release|iPhoneSimulator
		{99713C10-550A-4748-9121-51C91D88BF1C}.Release|iPhoneSimulator.Build.0 = Release|iPhoneSimulator
		{99713C10-550A-4748-9121-51C91D88BF1C}.Release|x64.ActiveCfg = Release|iPhone
		{99713C10-550A-4748-9121-51C91D88BF1C}.Release|x86.ActiveCfg = Release|iPhone
		{C48D451C-992D-42D4-869A-C5B4CDBA52E9}.Ad-Hoc|Any CPU.ActiveCfg = Release|x86
		{C48D451C-992D-42D4-869A-C5B4CDBA52E9}.Ad-Hoc|Any CPU.Build.0 = Release|x86
		{C48D451C-992D-42D4-869A-C5B4CDBA52E9}.Ad-Hoc|Any CPU.Deploy.0 = Release|x86
		{C48D451C-992D-42D4-869A-C5B4CDBA52E9}.Ad-Hoc|ARM.ActiveCfg = Release|ARM
		{C48D451C-992D-42D4-869A-C5B4CDBA52E9}.Ad-Hoc|ARM.Build.0 = Release|ARM
		{C48D451C-992D-42D4-869A-C5B4CDBA52E9}.Ad-Hoc|ARM.Deploy.0 = Release|ARM
		{C48D451C-992D-42D4-869A-C5B4CDBA52E9}.Ad-Hoc|iPhone.ActiveCfg = Release|x86
		{C48D451C-992D-42D4-869A-C5B4CDBA52E9}.Ad-Hoc|iPhone.Build.0 = Release|x86
		{C48D451C-992D-42D4-869A-C5B4CDBA52E9}.Ad-Hoc|iPhone.Deploy.0 = Release|x86
		{C48D451C-992D-42D4-869A-C5B4CDBA52E9}.Ad-Hoc|iPhoneSimulator.ActiveCfg = Release|x86
		{C48D451C-992D-42D4-869A-C5B4CDBA52E9}.Ad-Hoc|iPhoneSimulator.Build.0 = Release|x86
		{C48D451C-992D-42D4-869A-C5B4CDBA52E9}.Ad-Hoc|iPhoneSimulator.Deploy.0 = Release|x86
		{C48D451C-992D-42D4-869A-C5B4CDBA52E9}.Ad-Hoc|x64.ActiveCfg = Release|x64
		{C48D451C-992D-42D4-869A-C5B4CDBA52E9}.Ad-Hoc|x64.Build.0 = Release|x64
		{C48D451C-992D-42D4-869A-C5B4CDBA52E9}.Ad-Hoc|x64.Deploy.0 = Release|x64
		{C48D451C-992D-42D4-869A-C5B4CDBA52E9}.Ad-Hoc|x86.ActiveCfg = Release|x86
		{C48D451C-992D-42D4-869A-C5B4CDBA52E9}.Ad-Hoc|x86.Build.0 = Release|x86
		{C48D451C-992D-42D4-869A-C5B4CDBA52E9}.Ad-Hoc|x86.Deploy.0 = Release|x86
		{C48D451C-992D-42D4-869A-C5B4CDBA52E9}.AppStore|Any CPU.ActiveCfg = Release|x86
		{C48D451C-992D-42D4-869A-C5B4CDBA52E9}.AppStore|Any CPU.Build.0 = Release|x86
		{C48D451C-992D-42D4-869A-C5B4CDBA52E9}.AppStore|Any CPU.Deploy.0 = Release|x86
		{C48D451C-992D-42D4-869A-C5B4CDBA52E9}.AppStore|ARM.ActiveCfg = Release|ARM
		{C48D451C-992D-42D4-869A-C5B4CDBA52E9}.AppStore|ARM.Build.0 = Release|ARM
		{C48D451C-992D-42D4-869A-C5B4CDBA52E9}.AppStore|ARM.Deploy.0 = Release|ARM
		{C48D451C-992D-42D4-869A-C5B4CDBA52E9}.AppStore|iPhone.ActiveCfg = Release|x86
		{C48D451C-992D-42D4-869A-C5B4CDBA52E9}.AppStore|iPhone.Build.0 = Release|x86
		{C48D451C-992D-42D4-869A-C5B4CDBA52E9}.AppStore|iPhone.Deploy.0 = Release|x86
		{C48D451C-992D-42D4-869A-C5B4CDBA52E9}.AppStore|iPhoneSimulator.ActiveCfg = Release|x86
		{C48D451C-992D-42D4-869A-C5B4CDBA52E9}.AppStore|iPhoneSimulator.Build.0 = Release|x86
		{C48D451C-992D-42D4-869A-C5B4CDBA52E9}.AppStore|iPhoneSimulator.Deploy.0 = Release|x86
		{C48D451C-992D-42D4-869A-C5B4CDBA52E9}.AppStore|x64.ActiveCfg = Release|x64
		{C48D451C-992D-42D4-869A-C5B4CDBA52E9}.AppStore|x64.Build.0 = Release|x64
		{C48D451C-992D-42D4-869A-C5B4CDBA52E9}.AppStore|x64.Deploy.0 = Release|x64
		{C48D451C-992D-42D4-869A-C5B4CDBA52E9}.AppStore|x86.ActiveCfg = Release|x86
		{C48D451C-992D-42D4-869A-C5B4CDBA52E9}.AppStore|x86.Build.0 = Release|x86
		{C48D451C-992D-42D4-869A-C5B4CDBA52E9}.AppStore|x86.Deploy.0 = Release|x86
		{C48D451C-992D-42D4-869A-C5B4CDBA52E9}.Debug|Any CPU.ActiveCfg = Debug|x86
		{C48D451C-992D-42D4-869A-C5B4CDBA52E9}.Debug|ARM.ActiveCfg = Debug|ARM
		{C48D451C-992D-42D4-869A-C5B4CDBA52E9}.Debug|ARM.Build.0 = Debug|ARM
		{C48D451C-992D-42D4-869A-C5B4CDBA52E9}.Debug|ARM.Deploy.0 = Debug|ARM
		{C48D451C-992D-42D4-869A-C5B4CDBA52E9}.Debug|iPhone.ActiveCfg = Debug|x86
		{C48D451C-992D-42D4-869A-C5B4CDBA52E9}.Debug|iPhoneSimulator.ActiveCfg = Debug|x86
		{C48D451C-992D-42D4-869A-C5B4CDBA52E9}.Debug|x64.ActiveCfg = Debug|x64
		{C48D451C-992D-42D4-869A-C5B4CDBA52E9}.Debug|x64.Build.0 = Debug|x64
		{C48D451C-992D-42D4-869A-C5B4CDBA52E9}.Debug|x64.Deploy.0 = Debug|x64
		{C48D451C-992D-42D4-869A-C5B4CDBA52E9}.Debug|x86.ActiveCfg = Debug|x86
		{C48D451C-992D-42D4-869A-C5B4CDBA52E9}.Debug|x86.Build.0 = Debug|x86
		{C48D451C-992D-42D4-869A-C5B4CDBA52E9}.Debug|x86.Deploy.0 = Debug|x86
		{C48D451C-992D-42D4-869A-C5B4CDBA52E9}.Release|Any CPU.ActiveCfg = Release|x86
		{C48D451C-992D-42D4-869A-C5B4CDBA52E9}.Release|ARM.ActiveCfg = Release|ARM
		{C48D451C-992D-42D4-869A-C5B4CDBA52E9}.Release|ARM.Build.0 = Release|ARM
		{C48D451C-992D-42D4-869A-C5B4CDBA52E9}.Release|ARM.Deploy.0 = Release|ARM
		{C48D451C-992D-42D4-869A-C5B4CDBA52E9}.Release|iPhone.ActiveCfg = Release|x86
		{C48D451C-992D-42D4-869A-C5B4CDBA52E9}.Release|iPhoneSimulator.ActiveCfg = Release|x86
		{C48D451C-992D-42D4-869A-C5B4CDBA52E9}.Release|x64.ActiveCfg = Release|x64
		{C48D451C-992D-42D4-869A-C5B4CDBA52E9}.Release|x64.Build.0 = Release|x64
		{C48D451C-992D-42D4-869A-C5B4CDBA52E9}.Release|x64.Deploy.0 = Release|x64
		{C48D451C-992D-42D4-869A-C5B4CDBA52E9}.Release|x86.ActiveCfg = Release|x86
		{C48D451C-992D-42D4-869A-C5B4CDBA52E9}.Release|x86.Build.0 = Release|x86
		{C48D451C-992D-42D4-869A-C5B4CDBA52E9}.Release|x86.Deploy.0 = Release|x86
	EndGlobalSection
	GlobalSection(SolutionProperties) = preSolution
		HideSolutionNode = FALSE
	EndGlobalSection
EndGlobal
